# Managed by azldev component update. Do not edit manually.
version = 1
import-commit = 'bacb81905ea6806b97b968527e5ca9b2e3f0f7b4'
upstream-commit = 'bacb81905ea6806b97b968527e5ca9b2e3f0f7b4'
manual-bump = 1
input-fingerprint = 'sha256:964ef7ad8a8a7fa56cb318384daaf13721261a7681bdd586f97a72564bfa8c2a'
resolution-input-hash = 'sha256:0adce686885cc21f043cfebaaeef82b40a1710bbb0bb74b6de645c60e147a54d'
