# Managed by azldev component update. Do not edit manually.
version = 1
import-commit = '67c1d520f9a8080f6b689714099f813f23154c8f'
upstream-commit = '4db14e5ed7d3bdb7fda97f62c93e612435f2cce9'
manual-bump = 1
input-fingerprint = 'sha256:3c4b6f87b3f70a95bca0aaffd3d2ed4b70513941943df490ad05b96867195e85'
resolution-input-hash = 'sha256:39a1f518415c394ca2aa046131b78bcd040da96a67ceab16974895aaf79e77bf'
